<Project xmlns="http://schemas.microsoft.com/developer/msbuild/2003">
    <PropertyGroup>
        <ProjectGuid>{6F2A1C84-3B57-4E0D-9C21-7A2D5E8B4F10}</ProjectGuid>
        <ProjectVersion>20.4</ProjectVersion>
        <FrameworkType>None</FrameworkType>
        <Base>True</Base>
        <Config Condition="'$(Config)'==''">Release</Config>
        <Platform Condition="'$(Platform)'==''">Linux64</Platform>
        <TargetedPlatforms>1</TargetedPlatforms>
        <AppType>Console</AppType>
        <MainSource>CrashDemo.dpr</MainSource>
    </PropertyGroup>
    <PropertyGroup Condition="'$(Config)'=='Base' or '$(Base)'!=''">
        <Base>true</Base>
    </PropertyGroup>
    <PropertyGroup Condition="('$(Platform)'=='Linux64' and '$(Base)'=='true') or '$(Base_Linux64)'!=''">
        <Base_Linux64>true</Base_Linux64>
        <CfgParent>Base</CfgParent>
        <Base>true</Base>
    </PropertyGroup>
    <PropertyGroup Condition="('$(Platform)'=='Win64' and '$(Base)'=='true') or '$(Base_Win64)'!=''">
        <Base_Win64>true</Base_Win64>
        <CfgParent>Base</CfgParent>
        <Base>true</Base>
    </PropertyGroup>
    <PropertyGroup Condition="('$(Platform)'=='OSX64' and '$(Base)'=='true') or '$(Base_OSX64)'!=''">
        <Base_OSX64>true</Base_OSX64>
        <CfgParent>Base</CfgParent>
        <Base>true</Base>
    </PropertyGroup>
    <PropertyGroup Condition="'$(Config)'=='Release' or '$(Cfg_2)'!=''">
        <Cfg_2>true</Cfg_2>
        <CfgParent>Base</CfgParent>
        <Base>true</Base>
    </PropertyGroup>
    <PropertyGroup Condition="('$(Platform)'=='Linux64' and '$(Cfg_2)'=='true') or '$(Cfg_2_Linux64)'!=''">
        <Cfg_2_Linux64>true</Cfg_2_Linux64>
        <CfgParent>Cfg_2</CfgParent>
        <Cfg_2>true</Cfg_2>
        <Base>true</Base>
    </PropertyGroup>
    <PropertyGroup Condition="('$(Platform)'=='OSX64' and '$(Cfg_2)'=='true') or '$(Cfg_2_OSX64)'!=''">
        <Cfg_2_OSX64>true</Cfg_2_OSX64>
        <CfgParent>Cfg_2</CfgParent>
        <Cfg_2>true</Cfg_2>
        <Base>true</Base>
    </PropertyGroup>
    <PropertyGroup Condition="'$(Base)'!=''">
        <DCC_DcuOutput>.\$(Platform)\$(Config)\dcu</DCC_DcuOutput>
        <DCC_ExeOutput>.\$(Platform)\$(Config)</DCC_ExeOutput>
        <DCC_E>false</DCC_E>
        <DCC_N>false</DCC_N>
        <DCC_S>false</DCC_S>
        <DCC_F>false</DCC_F>
        <DCC_K>false</DCC_K>
        <DCC_Namespace>System;Posix;$(DCC_Namespace)</DCC_Namespace>
        <SanitizedProjectName>CrashDemo</SanitizedProjectName>
        <!-- The whole point of the test: the library is consumed purely via the
             search path (one entry, the parent Crash\ dir). No DCCReference, no
             host-app paths. If a Crash.* unit needed a host unit, this would fail. -->
        <DCC_UnitSearchPath>..;$(DCC_UnitSearchPath)</DCC_UnitSearchPath>
        <DCC_ConsoleTarget>true</DCC_ConsoleTarget>
        <DCC_GenerateStackFrames>true</DCC_GenerateStackFrames>
        <DCC_MapFile>3</DCC_MapFile>
    </PropertyGroup>
    <PropertyGroup Condition="'$(Base_Linux64)'!=''">
        <DCC_LinkerOptions>--export-dynamic --defsym=__dso_handle=0 $(DCC_LinkerOptions)</DCC_LinkerOptions>
    </PropertyGroup>
    <PropertyGroup Condition="'$(Cfg_2)'!=''">
        <DCC_Define>RELEASE;$(DCC_Define)</DCC_Define>
        <DCC_LocalDebugSymbols>false</DCC_LocalDebugSymbols>
        <DCC_SymbolReferenceInfo>0</DCC_SymbolReferenceInfo>
        <DCC_DebugInformation>0</DCC_DebugInformation>
    </PropertyGroup>
    <PropertyGroup Condition="'$(Cfg_2_Linux64)'!=''">
        <DCC_ConsoleTarget>true</DCC_ConsoleTarget>
        <DCC_DebugInformation>2</DCC_DebugInformation>
        <DCC_DebugInfoInExe>true</DCC_DebugInfoInExe>
    </PropertyGroup>
    <PropertyGroup Condition="'$(Cfg_2_OSX64)'!=''">
        <DCC_ConsoleTarget>true</DCC_ConsoleTarget>
        <DCC_DebugInformation>2</DCC_DebugInformation>
    </PropertyGroup>
    <ItemGroup>
        <DelphiCompile Include="$(MainSource)">
            <MainSource>MainSource</MainSource>
        </DelphiCompile>
    </ItemGroup>
    <ProjectExtensions>
        <Borland.Personality>Delphi.Personality.12</Borland.Personality>
        <Borland.ProjectType>Application</Borland.ProjectType>
        <BorlandProject>
            <Delphi.Personality>
                <Source>
                    <Source Name="MainSource">CrashDemo.dpr</Source>
                </Source>
            </Delphi.Personality>
            <Platforms>
                <Platform value="Linux64">True</Platform>
                <Platform value="OSX64">True</Platform>
                <Platform value="Win64">True</Platform>
            </Platforms>
        </BorlandProject>
        <ProjectFileVersion>12</ProjectFileVersion>
    </ProjectExtensions>
    <Import Project="$(BDS)\Bin\CodeGear.Delphi.Targets" Condition="Exists('$(BDS)\Bin\CodeGear.Delphi.Targets')"/>
    <Import Project="$(APPDATA)\Embarcadero\$(BDSAPPDATABASEDIR)\$(PRODUCTVERSION)\UserTools.proj" Condition="Exists('$(APPDATA)\Embarcadero\$(BDSAPPDATABASEDIR)\$(PRODUCTVERSION)\UserTools.proj')"/>
</Project>
